
Microsoft Visual Studio Solution File, Format Version 12.00
# Visual Studio Version 16
VisualStudioVersion = 16.0.31129.286
MinimumVisualStudioVersion = 10.0.40219.1
Project("{FAE04EC0-301F-11D3-BF4B-00C04F79EFBC}") = "CMDB", "CMDB.csproj", "{337FDBB4-DAFA-4E92-84A3-6560CC14203B}"
EndProject
Global
	GlobalSection(SolutionConfigurationPlatforms) = preSolution
		Debug|Any CPU = Debug|Any CPU
		Release|Any CPU = Release|Any CPU
	EndGlobalSection
	GlobalSection(ProjectConfigurationPlatforms) = postSolution
		{337FDBB4-DAFA-4E92-84A3-6560CC14203B}.Debug|Any CPU.ActiveCfg = Debug|Any CPU
		{337FDBB4-DAFA-4E92-84A3-6560CC14203B}.Debug|Any CPU.Build.0 = Debug|Any CPU
		{337FDBB4-DAFA-4E92-84A3-6560CC14203B}.Release|Any CPU.ActiveCfg = Release|Any CPU
		{337FDBB4-DAFA-4E92-84A3-6560CC14203B}.Release|Any CPU.Build.0 = Release|Any CPU
	EndGlobalSection
	GlobalSection(SolutionProperties) = preSolution
		HideSolutionNode = FALSE
	EndGlobalSection
	GlobalSection(ExtensibilityGlobals) = postSolution
		SolutionGuid = {4CAB8637-F1D4-438F-B105-C844F3C63F4D}
	EndGlobalSection
EndGlobal
